# This file was autogenerated by Stack.
# You should not edit this file by hand.
# For more information, please see the documentation at:
#   https://docs.haskellstack.org/en/stable/lock_files

packages:
- completed:
    hackage: ghc-events-0.8.0@sha256:7cc131ef9c079e5a5507c945e972c1442630f1d3fefd3341fd1f4ef9012b1f8f,4812
    pantry-tree:
      sha256: 28b445712bea4867908d49813bf6afdb645d1e3331fe4f99e1219dd9fbf3ddec
      size: 3194
  original:
    hackage: ghc-events-0.8.0
snapshots:
- completed:
    sha256: 3770dfd79f5aed67acdcc65c4e7730adddffe6dba79ea723cfb0918356fc0f94
    size: 648660
    url: https://raw.githubusercontent.com/commercialhaskell/stackage-snapshots/master/lts/20/4.yaml
  original:
    url: https://raw.githubusercontent.com/commercialhaskell/stackage-snapshots/master/lts/20/4.yaml
